
Microsoft Visual Studio Solution File, Format Version 12.00
# Visual Studio Version 17
VisualStudioVersion = 17.12.35707.178 d17.12
MinimumVisualStudioVersion = 10.0.40219.1
Project("{FAE04EC0-301F-11D3-BF4B-00C04F79EFBC}") = "NullWithWebAPI", "NullWithWebAPI\NullWithWebAPI\NullWithWebAPI.csproj", "{5335DEA9-16FB-43B1-9CBE-3049AC310184}"
EndProject
Project("{FAE04EC0-301F-11D3-BF4B-00C04F79EFBC}") = "NullWithWebAPI.Client", "NullWithWebAPI\NullWithWebAPI.Client\NullWithWebAPI.Client.csproj", "{37C7C622-C1B3-4905-9918-6FECDB9EA5F6}"
EndProject
Project("{FAE04EC0-301F-11D3-BF4B-00C04F79EFBC}") = "NullWithWebAPI.Shared", "Shared\NullWithWebAPI.Shared.csproj", "{77124C4A-9364-47A0-A525-64EE9D84209A}"
EndProject
Global
	GlobalSection(SolutionConfigurationPlatforms) = preSolution
		Debug|Any CPU = Debug|Any CPU
		Release|Any CPU = Release|Any CPU
	EndGlobalSection
	GlobalSection(ProjectConfigurationPlatforms) = postSolution
		{5335DEA9-16FB-43B1-9CBE-3049AC310184}.Debug|Any CPU.ActiveCfg = Debug|Any CPU
		{5335DEA9-16FB-43B1-9CBE-3049AC310184}.Debug|Any CPU.Build.0 = Debug|Any CPU
		{5335DEA9-16FB-43B1-9CBE-3049AC310184}.Release|Any CPU.ActiveCfg = Release|Any CPU
		{5335DEA9-16FB-43B1-9CBE-3049AC310184}.Release|Any CPU.Build.0 = Release|Any CPU
		{37C7C622-C1B3-4905-9918-6FECDB9EA5F6}.Debug|Any CPU.ActiveCfg = Debug|Any CPU
		{37C7C622-C1B3-4905-9918-6FECDB9EA5F6}.Debug|Any CPU.Build.0 = Debug|Any CPU
		{37C7C622-C1B3-4905-9918-6FECDB9EA5F6}.Release|Any CPU.ActiveCfg = Release|Any CPU
		{37C7C622-C1B3-4905-9918-6FECDB9EA5F6}.Release|Any CPU.Build.0 = Release|Any CPU
		{77124C4A-9364-47A0-A525-64EE9D84209A}.Debug|Any CPU.ActiveCfg = Debug|Any CPU
		{77124C4A-9364-47A0-A525-64EE9D84209A}.Debug|Any CPU.Build.0 = Debug|Any CPU
		{77124C4A-9364-47A0-A525-64EE9D84209A}.Release|Any CPU.ActiveCfg = Release|Any CPU
		{77124C4A-9364-47A0-A525-64EE9D84209A}.Release|Any CPU.Build.0 = Release|Any CPU
	EndGlobalSection
	GlobalSection(SolutionProperties) = preSolution
		HideSolutionNode = FALSE
	EndGlobalSection
EndGlobal
