
Microsoft Visual Studio Solution File, Format Version 12.00
# Visual Studio Version 17
VisualStudioVersion = 17.12.35506.116 d17.12
MinimumVisualStudioVersion = 10.0.40219.1
Project("{FAE04EC0-301F-11D3-BF4B-00C04F79EFBC}") = "Exercise 01", "Exercise 01\Exercise 01.csproj", "{CEF9F6F7-6E50-432A-AE7B-379E253DA509}"
EndProject
Global
	GlobalSection(SolutionConfigurationPlatforms) = preSolution
		Debug|Any CPU = Debug|Any CPU
		Release|Any CPU = Release|Any CPU
	EndGlobalSection
	GlobalSection(ProjectConfigurationPlatforms) = postSolution
		{CEF9F6F7-6E50-432A-AE7B-379E253DA509}.Debug|Any CPU.ActiveCfg = Debug|Any CPU
		{CEF9F6F7-6E50-432A-AE7B-379E253DA509}.Debug|Any CPU.Build.0 = Debug|Any CPU
		{CEF9F6F7-6E50-432A-AE7B-379E253DA509}.Release|Any CPU.ActiveCfg = Release|Any CPU
		{CEF9F6F7-6E50-432A-AE7B-379E253DA509}.Release|Any CPU.Build.0 = Release|Any CPU
	EndGlobalSection
	GlobalSection(SolutionProperties) = preSolution
		HideSolutionNode = FALSE
	EndGlobalSection
EndGlobal
